
Microsoft Visual Studio Solution File, Format Version 12.00
# Visual Studio Version 17
VisualStudioVersion = 17.2.32526.322
MinimumVisualStudioVersion = 10.0.40219.1
Project("{9A19103F-16F7-4668-BE54-9A1E7A4F7556}") = "TaskManagementSystem.Domain", "TaskManagementSystem.Domain\TaskManagementSystem.Domain.csproj", "{631FBA14-C507-4B04-A5D1-9641BFD999F4}"
EndProject
Project("{9A19103F-16F7-4668-BE54-9A1E7A4F7556}") = "TaskManagementSystem.Application", "TaskManagementSystem.Application\TaskManagementSystem.Application.csproj", "{3FB0DADC-C764-4E8E-B15C-C86BE4449700}"
EndProject
Project("{FAE04EC0-301F-11D3-BF4B-00C04F79EFBC}") = "TaskManagementSystem.Infrastructure", "TaskManagementSystem.Infrastructure\TaskManagementSystem.Infrastructure.csproj", "{3D743E2C-325C-4D04-8CE9-CFABD961C57A}"
EndProject
Project("{FAE04EC0-301F-11D3-BF4B-00C04F79EFBC}") = "TaskManagementSystem.API", "TaskManagementSystem.API\TaskManagementSystem.API.csproj", "{C2876405-F76B-41B1-9D3C-5C07DB358213}"
EndProject
Project("{FAE04EC0-301F-11D3-BF4B-00C04F79EFBC}") = "TaskManagementSystem.Authorization", "TaskManagementSystem.Authorization\TaskManagementSystem.Authorization.csproj", "{94686749-24F9-4DA9-85AE-BFA8629BFB5B}"
EndProject
Global
	GlobalSection(SolutionConfigurationPlatforms) = preSolution
		Debug|Any CPU = Debug|Any CPU
		Release|Any CPU = Release|Any CPU
	EndGlobalSection
	GlobalSection(ProjectConfigurationPlatforms) = postSolution
		{631FBA14-C507-4B04-A5D1-9641BFD999F4}.Debug|Any CPU.ActiveCfg = Debug|Any CPU
		{631FBA14-C507-4B04-A5D1-9641BFD999F4}.Debug|Any CPU.Build.0 = Debug|Any CPU
		{631FBA14-C507-4B04-A5D1-9641BFD999F4}.Release|Any CPU.ActiveCfg = Release|Any CPU
		{631FBA14-C507-4B04-A5D1-9641BFD999F4}.Release|Any CPU.Build.0 = Release|Any CPU
		{3FB0DADC-C764-4E8E-B15C-C86BE4449700}.Debug|Any CPU.ActiveCfg = Debug|Any CPU
		{3FB0DADC-C764-4E8E-B15C-C86BE4449700}.Debug|Any CPU.Build.0 = Debug|Any CPU
		{3FB0DADC-C764-4E8E-B15C-C86BE4449700}.Release|Any CPU.ActiveCfg = Release|Any CPU
		{3FB0DADC-C764-4E8E-B15C-C86BE4449700}.Release|Any CPU.Build.0 = Release|Any CPU
		{3D743E2C-325C-4D04-8CE9-CFABD961C57A}.Debug|Any CPU.ActiveCfg = Debug|Any CPU
		{3D743E2C-325C-4D04-8CE9-CFABD961C57A}.Debug|Any CPU.Build.0 = Debug|Any CPU
		{3D743E2C-325C-4D04-8CE9-CFABD961C57A}.Release|Any CPU.ActiveCfg = Release|Any CPU
		{3D743E2C-325C-4D04-8CE9-CFABD961C57A}.Release|Any CPU.Build.0 = Release|Any CPU
		{C2876405-F76B-41B1-9D3C-5C07DB358213}.Debug|Any CPU.ActiveCfg = Debug|Any CPU
		{C2876405-F76B-41B1-9D3C-5C07DB358213}.Debug|Any CPU.Build.0 = Debug|Any CPU
		{C2876405-F76B-41B1-9D3C-5C07DB358213}.Release|Any CPU.ActiveCfg = Release|Any CPU
		{C2876405-F76B-41B1-9D3C-5C07DB358213}.Release|Any CPU.Build.0 = Release|Any CPU
		{94686749-24F9-4DA9-85AE-BFA8629BFB5B}.Debug|Any CPU.ActiveCfg = Debug|Any CPU
		{94686749-24F9-4DA9-85AE-BFA8629BFB5B}.Debug|Any CPU.Build.0 = Debug|Any CPU
		{94686749-24F9-4DA9-85AE-BFA8629BFB5B}.Release|Any CPU.ActiveCfg = Release|Any CPU
		{94686749-24F9-4DA9-85AE-BFA8629BFB5B}.Release|Any CPU.Build.0 = Release|Any CPU
	EndGlobalSection
	GlobalSection(SolutionProperties) = preSolution
		HideSolutionNode = FALSE
	EndGlobalSection
	GlobalSection(ExtensibilityGlobals) = postSolution
		SolutionGuid = {AF66F70C-C151-4A6A-9E6A-67EF65D99117}
	EndGlobalSection
EndGlobal
